# THIS IS AN AUTOGENERATED FILE. DO NOT EDIT THIS FILE DIRECTLY.
assets/main.css:
  development: 2020-03-12T12:45:27-04:00   48bb8dabdd79cc38ab2bf202e8f4fc61
assets/main.css.map:
  development: 2020-03-12T12:45:26-04:00   c8b787bfb1e51b0dadabf616bb58d576
assets/main.min.css:
  development: 2020-03-12T12:45:26-04:00   2e9691ec9828ffbc8eb4bede20c9688c
snippets/navigation.liquid:
  development: 2020-03-11T11:41:39-04:00   a44166113f064e934099d4d11b4db445
