# THIS IS AN AUTOGENERATED FILE. DO NOT EDIT THIS FILE DIRECTLY.
assets/main.css:
  development: 2020-03-11T19:12:18-04:00   796b388972c70b9d63652c189693a427
assets/main.css.map:
  development: 2020-03-11T17:16:46-04:00   a927b87c49f4fa979ce0a8e248ae22ee
assets/main.min.css:
  development: 2020-03-11T17:16:46-04:00   fe4c39858fd011164bc55070bbb7e9b2
assets/vendor.js:
  development: 2020-03-11T19:12:47-04:00   262ef44026cfa6db4407479d555ea411
assets/vendor.min.js:
  development: 2020-03-11T19:12:48-04:00   954ae816ac12217615bd5ef6652cb133
snippets/navigation.liquid:
  development: 2020-03-11T11:41:39-04:00   a44166113f064e934099d4d11b4db445
