# THIS IS AN AUTOGENERATED FILE. DO NOT EDIT THIS FILE DIRECTLY.
assets/app.js:
  development: 2020-03-11T00:14:05-04:00   d35f36c5592c1276ed87fdc99ce25fed
assets/app.min.js:
  development: 2020-03-11T00:14:04-04:00   8de30227d08163f0e45d823b5ef38b1e
assets/main.css:
  development: 2020-03-12T12:45:27-04:00   48bb8dabdd79cc38ab2bf202e8f4fc61
assets/main.css.map:
  development: 2020-03-12T12:45:26-04:00   c8b787bfb1e51b0dadabf616bb58d576
assets/main.min.css:
  development: 2020-03-12T12:45:26-04:00   2e9691ec9828ffbc8eb4bede20c9688c
assets/vendor.js:
  development: 2020-03-12T13:08:59-04:00   d6066c35a94b111ac7c18ece4e924561
assets/vendor.min.js:
  development: 2020-03-12T13:09:01-04:00   dfa17d1068d23a1fdeff1f7db82388dd
snippets/navigation.liquid:
  development: 2020-03-11T11:41:39-04:00   a44166113f064e934099d4d11b4db445
